
Microsoft Visual Studio Solution File, Format Version 12.00
# Visual Studio 15
VisualStudioVersion = 15.0.27703.2035
MinimumVisualStudioVersion = 10.0.40219.1
Project("{FAE04EC0-301F-11D3-BF4B-00C04F79EFBC}") = "bakeChart", "bakeChart\bakeChart.csproj", "{EC886F0B-5608-4DE5-B94B-67311C649236}"
EndProject
Project("{FAE04EC0-301F-11D3-BF4B-00C04F79EFBC}") = "bakeChart.Charting", "bakeChart.Charting\bakeChart.Charting.csproj", "{32B57049-F084-4B01-8213-7D1C8523CFB2}"
EndProject
Global
	GlobalSection(SolutionConfigurationPlatforms) = preSolution
		Debug|Any CPU = Debug|Any CPU
		Release|Any CPU = Release|Any CPU
	EndGlobalSection
	GlobalSection(ProjectConfigurationPlatforms) = postSolution
		{EC886F0B-5608-4DE5-B94B-67311C649236}.Debug|Any CPU.ActiveCfg = Debug|Any CPU
		{EC886F0B-5608-4DE5-B94B-67311C649236}.Debug|Any CPU.Build.0 = Debug|Any CPU
		{EC886F0B-5608-4DE5-B94B-67311C649236}.Release|Any CPU.ActiveCfg = Release|Any CPU
		{EC886F0B-5608-4DE5-B94B-67311C649236}.Release|Any CPU.Build.0 = Release|Any CPU
		{32B57049-F084-4B01-8213-7D1C8523CFB2}.Debug|Any CPU.ActiveCfg = Debug|Any CPU
		{32B57049-F084-4B01-8213-7D1C8523CFB2}.Debug|Any CPU.Build.0 = Debug|Any CPU
		{32B57049-F084-4B01-8213-7D1C8523CFB2}.Release|Any CPU.ActiveCfg = Release|Any CPU
		{32B57049-F084-4B01-8213-7D1C8523CFB2}.Release|Any CPU.Build.0 = Release|Any CPU
	EndGlobalSection
	GlobalSection(SolutionProperties) = preSolution
		HideSolutionNode = FALSE
	EndGlobalSection
	GlobalSection(ExtensibilityGlobals) = postSolution
		SolutionGuid = {CEE1E0D4-93C6-4D11-B0E3-C9665B418262}
	EndGlobalSection
EndGlobal
